
Microsoft Visual Studio Solution File, Format Version 12.00
# Visual Studio Version 17
VisualStudioVersion = 17.14.36310.24 d17.14
MinimumVisualStudioVersion = 10.0.40219.1
Project("{2150E333-8FDC-42A3-9474-1A3956D46DE8}") = "src", "src", "{02EA681E-C7D8-13C7-8484-4AC65E1B71E8}"
EndProject
Project("{FAE04EC0-301F-11D3-BF4B-00C04F79EFBC}") = "Inventory.Domain", "src\Inventory.Domain\Inventory.Domain.csproj", "{FB75E966-6A79-41EC-B8FF-EC24E76BAB0A}"
EndProject
Global
	GlobalSection(SolutionConfigurationPlatforms) = preSolution
		Debug|Any CPU = Debug|Any CPU
		Release|Any CPU = Release|Any CPU
	EndGlobalSection
	GlobalSection(ProjectConfigurationPlatforms) = postSolution
		{FB75E966-6A79-41EC-B8FF-EC24E76BAB0A}.Debug|Any CPU.ActiveCfg = Debug|Any CPU
		{FB75E966-6A79-41EC-B8FF-EC24E76BAB0A}.Debug|Any CPU.Build.0 = Debug|Any CPU
		{FB75E966-6A79-41EC-B8FF-EC24E76BAB0A}.Release|Any CPU.ActiveCfg = Release|Any CPU
		{FB75E966-6A79-41EC-B8FF-EC24E76BAB0A}.Release|Any CPU.Build.0 = Release|Any CPU
	EndGlobalSection
	GlobalSection(SolutionProperties) = preSolution
		HideSolutionNode = FALSE
	EndGlobalSection
	GlobalSection(NestedProjects) = preSolution
		{FB75E966-6A79-41EC-B8FF-EC24E76BAB0A} = {02EA681E-C7D8-13C7-8484-4AC65E1B71E8}
	EndGlobalSection
	GlobalSection(ExtensibilityGlobals) = postSolution
		SolutionGuid = {CD2EE8D6-E746-4F6D-AC5C-052D268EEA3D}
	EndGlobalSection
EndGlobal
